{
  "name": "aetna-movies",
  "version": "1.0.0",
  "lockfileVersion": 3,
  "requires": true,
  "packages": {
    "": {
      "name": "aetna-movies",
      "version": "1.0.0",
      "license": "ISC",
      "dependencies": {
        "aetna-movies": "file:"
      }
    },
    "node_modules/aetna-movies": {
      "resolved": "",
      "link": true
    }
  }
}
